
Microsoft Visual Studio Solution File, Format Version 12.00
# Visual Studio Version 16
VisualStudioVersion = 16.0.29215.179
MinimumVisualStudioVersion = 10.0.40219.1
Project("{FAE04EC0-301F-11D3-BF4B-00C04F79EFBC}") = "ClinicaRamos", "ClinicaRamos.csproj", "{EEFA5507-CEFD-4191-89E8-7600B7BF1EC4}"
EndProject
Global
	GlobalSection(SolutionConfigurationPlatforms) = preSolution
		Debug|Any CPU = Debug|Any CPU
		Release|Any CPU = Release|Any CPU
	EndGlobalSection
	GlobalSection(ProjectConfigurationPlatforms) = postSolution
		{EEFA5507-CEFD-4191-89E8-7600B7BF1EC4}.Debug|Any CPU.ActiveCfg = Debug|Any CPU
		{EEFA5507-CEFD-4191-89E8-7600B7BF1EC4}.Debug|Any CPU.Build.0 = Debug|Any CPU
		{EEFA5507-CEFD-4191-89E8-7600B7BF1EC4}.Release|Any CPU.ActiveCfg = Release|Any CPU
		{EEFA5507-CEFD-4191-89E8-7600B7BF1EC4}.Release|Any CPU.Build.0 = Release|Any CPU
	EndGlobalSection
	GlobalSection(SolutionProperties) = preSolution
		HideSolutionNode = FALSE
	EndGlobalSection
	GlobalSection(ExtensibilityGlobals) = postSolution
		SolutionGuid = {5368EB34-735F-4AEC-B30F-F25AEF028DDB}
	EndGlobalSection
EndGlobal
